
Microsoft Visual Studio Solution File, Format Version 12.00
# Visual Studio Version 17
VisualStudioVersion = 17.12.35707.178
MinimumVisualStudioVersion = 10.0.40219.1
Project("{FAE04EC0-301F-11D3-BF4B-00C04F79EFBC}") = "Privaseek.Domain", "Privaseek.Domain\Privaseek.Domain.csproj", "{FC67BB3E-72F5-42B9-83E7-36EDB82B2876}"
EndProject
Project("{FAE04EC0-301F-11D3-BF4B-00C04F79EFBC}") = "Privaseek.Infrastructure", "Privaseek.Infrastructure\Privaseek.Infrastructure.csproj", "{A6FA1370-C09E-46A5-8325-39B1EBF0F4BB}"
EndProject
Project("{FAE04EC0-301F-11D3-BF4B-00C04F79EFBC}") = "Privaseek.UI", "Privaseek.UI\Privaseek.UI.csproj", "{84F5515B-C6C7-4B24-84A7-2B9D797F903E}"
EndProject
Project("{FAE04EC0-301F-11D3-BF4B-00C04F79EFBC}") = "Privaseek.Applications", "Privaseek.Applications\Privaseek.Applications.csproj", "{FC940774-52E1-44E7-83C9-89DF2E39EF6F}"
EndProject
Project("{FAE04EC0-301F-11D3-BF4B-00C04F79EFBC}") = "Privaseek.Tests", "Privaseek.Tests\Privaseek.Tests.csproj", "{B5B00919-830C-4CE5-81C8-36EAC8FF7C3F}"
EndProject
Global
	GlobalSection(SolutionConfigurationPlatforms) = preSolution
		Debug|Any CPU = Debug|Any CPU
		Release|Any CPU = Release|Any CPU
	EndGlobalSection
	GlobalSection(ProjectConfigurationPlatforms) = postSolution
		{FC67BB3E-72F5-42B9-83E7-36EDB82B2876}.Debug|Any CPU.ActiveCfg = Debug|Any CPU
		{FC67BB3E-72F5-42B9-83E7-36EDB82B2876}.Debug|Any CPU.Build.0 = Debug|Any CPU
		{FC67BB3E-72F5-42B9-83E7-36EDB82B2876}.Release|Any CPU.ActiveCfg = Release|Any CPU
		{FC67BB3E-72F5-42B9-83E7-36EDB82B2876}.Release|Any CPU.Build.0 = Release|Any CPU
		{A6FA1370-C09E-46A5-8325-39B1EBF0F4BB}.Debug|Any CPU.ActiveCfg = Debug|Any CPU
		{A6FA1370-C09E-46A5-8325-39B1EBF0F4BB}.Debug|Any CPU.Build.0 = Debug|Any CPU
		{A6FA1370-C09E-46A5-8325-39B1EBF0F4BB}.Release|Any CPU.ActiveCfg = Release|Any CPU
		{A6FA1370-C09E-46A5-8325-39B1EBF0F4BB}.Release|Any CPU.Build.0 = Release|Any CPU
		{84F5515B-C6C7-4B24-84A7-2B9D797F903E}.Debug|Any CPU.ActiveCfg = Debug|Any CPU
		{84F5515B-C6C7-4B24-84A7-2B9D797F903E}.Debug|Any CPU.Build.0 = Debug|Any CPU
		{84F5515B-C6C7-4B24-84A7-2B9D797F903E}.Debug|Any CPU.Deploy.0 = Debug|Any CPU
		{84F5515B-C6C7-4B24-84A7-2B9D797F903E}.Release|Any CPU.ActiveCfg = Release|Any CPU
		{84F5515B-C6C7-4B24-84A7-2B9D797F903E}.Release|Any CPU.Build.0 = Release|Any CPU
		{FC940774-52E1-44E7-83C9-89DF2E39EF6F}.Debug|Any CPU.ActiveCfg = Debug|Any CPU
		{FC940774-52E1-44E7-83C9-89DF2E39EF6F}.Debug|Any CPU.Build.0 = Debug|Any CPU
		{FC940774-52E1-44E7-83C9-89DF2E39EF6F}.Release|Any CPU.ActiveCfg = Release|Any CPU
		{FC940774-52E1-44E7-83C9-89DF2E39EF6F}.Release|Any CPU.Build.0 = Release|Any CPU
		{B5B00919-830C-4CE5-81C8-36EAC8FF7C3F}.Debug|Any CPU.ActiveCfg = Debug|Any CPU
		{B5B00919-830C-4CE5-81C8-36EAC8FF7C3F}.Debug|Any CPU.Build.0 = Debug|Any CPU
		{B5B00919-830C-4CE5-81C8-36EAC8FF7C3F}.Release|Any CPU.ActiveCfg = Release|Any CPU
		{B5B00919-830C-4CE5-81C8-36EAC8FF7C3F}.Release|Any CPU.Build.0 = Release|Any CPU
	EndGlobalSection
	GlobalSection(SolutionProperties) = preSolution
		HideSolutionNode = FALSE
	EndGlobalSection
EndGlobal
